
Microsoft Visual Studio Solution File, Format Version 12.00
# Visual Studio 15
VisualStudioVersion = 15.0.28307.168
MinimumVisualStudioVersion = 10.0.40219.1
Project("{FAE04EC0-301F-11D3-BF4B-00C04F79EFBC}") = "PrimerIspitaCSHARP2SveApp", "PrimerIspitaCSHARP2SveApp\PrimerIspitaCSHARP2SveApp.csproj", "{0C3EAE09-B6A1-4C8F-8C7D-9BF09C2CE4D0}"
EndProject
Project("{FAE04EC0-301F-11D3-BF4B-00C04F79EFBC}") = "Klijent", "Klijent\Klijent.csproj", "{6C1A31CE-160C-4DDC-8AF5-E9176793EE8D}"
EndProject
Global
	GlobalSection(SolutionConfigurationPlatforms) = preSolution
		Debug|Any CPU = Debug|Any CPU
		Release|Any CPU = Release|Any CPU
	EndGlobalSection
	GlobalSection(ProjectConfigurationPlatforms) = postSolution
		{0C3EAE09-B6A1-4C8F-8C7D-9BF09C2CE4D0}.Debug|Any CPU.ActiveCfg = Debug|Any CPU
		{0C3EAE09-B6A1-4C8F-8C7D-9BF09C2CE4D0}.Debug|Any CPU.Build.0 = Debug|Any CPU
		{0C3EAE09-B6A1-4C8F-8C7D-9BF09C2CE4D0}.Release|Any CPU.ActiveCfg = Release|Any CPU
		{0C3EAE09-B6A1-4C8F-8C7D-9BF09C2CE4D0}.Release|Any CPU.Build.0 = Release|Any CPU
		{6C1A31CE-160C-4DDC-8AF5-E9176793EE8D}.Debug|Any CPU.ActiveCfg = Debug|Any CPU
		{6C1A31CE-160C-4DDC-8AF5-E9176793EE8D}.Debug|Any CPU.Build.0 = Debug|Any CPU
		{6C1A31CE-160C-4DDC-8AF5-E9176793EE8D}.Release|Any CPU.ActiveCfg = Release|Any CPU
		{6C1A31CE-160C-4DDC-8AF5-E9176793EE8D}.Release|Any CPU.Build.0 = Release|Any CPU
	EndGlobalSection
	GlobalSection(SolutionProperties) = preSolution
		HideSolutionNode = FALSE
	EndGlobalSection
	GlobalSection(ExtensibilityGlobals) = postSolution
		SolutionGuid = {CAF2A78A-3769-4C5B-A068-C635F601F383}
	EndGlobalSection
EndGlobal
